// !$*UTF8*$!
{
	archiveVersion = 1;
	classes = {
	};
	objectVersion = 50;
	objects = {

/* Begin PBXBuildFile section */
		EC6DB7952597739800898ADF /* AppDelegate.swift in Sources */ = {isa = PBXBuildFile; fileRef = EC6DB7942597739800898ADF /* AppDelegate.swift */; };
		EC6DB7972597739800898ADF /* SceneDelegate.swift in Sources */ = {isa = PBXBuildFile; fileRef = EC6DB7962597739800898ADF /* SceneDelegate.swift */; };
		EC6DB7992597739800898ADF /* ViewController.swift in Sources */ = {isa = PBXBuildFile; fileRef = EC6DB7982597739800898ADF /* ViewController.swift */; };
		EC6DB79C2597739800898ADF /* Main.storyboard in Resources */ = {isa = PBXBuildFile; fileRef = EC6DB79A2597739800898ADF /* Main.storyboard */; };
		EC6DB79E2597739900898ADF /* Assets.xcassets in Resources */ = {isa = PBXBuildFile; fileRef = EC6DB79D2597739900898ADF /* Assets.xcassets */; };
		EC6DB7A12597739900898ADF /* LaunchScreen.storyboard in Resources */ = {isa = PBXBuildFile; fileRef = EC6DB79F2597739900898ADF /* LaunchScreen.storyboard */; };
		EC6DB7B02597846C00898ADF /* DemoCITests.swift in Sources */ = {isa = PBXBuildFile; fileRef = EC6DB7AF2597846C00898ADF /* DemoCITests.swift */; };
		EC6DB7C02597847F00898ADF /* DemoCIUITests.swift in Sources */ = {isa = PBXBuildFile; fileRef = EC6DB7BF2597847F00898ADF /* DemoCIUITests.swift */; };
/* End PBXBuildFile section */

/* Begin PBXContainerItemProxy section */
		EC6DB7B22597846C00898ADF /* PBXContainerItemProxy */ = {
			isa = PBXContainerItemProxy;
			containerPortal = EC6DB7892597739800898ADF /* Project object */;
			proxyType = 1;
			remoteGlobalIDString = EC6DB7902597739800898ADF;
			remoteInfo = DemoCI;
		};
		EC6DB7C22597847F00898ADF /* PBXContainerItemProxy */ = {
			isa = PBXContainerItemProxy;
			containerPortal = EC6DB7892597739800898ADF /* Project object */;
			proxyType = 1;
			remoteGlobalIDString = EC6DB7902597739800898ADF;
			remoteInfo = DemoCI;
		};
/* End PBXContainerItemProxy section */

/* Begin PBXFileReference section */
		EC6DB7912597739800898ADF /* DemoCI.app */ = {isa = PBXFileReference; explicitFileType = wrapper.application; includeInIndex = 0; path = DemoCI.app; sourceTree = BUILT_PRODUCTS_DIR; };
		EC6DB7942597739800898ADF /* AppDelegate.swift */ = {isa = PBXFileReference; lastKnownFileType = sourcecode.swift; path = AppDelegate.swift; sourceTree = "<group>"; };
		EC6DB7962597739800898ADF /* SceneDelegate.swift */ = {isa = PBXFileReference; lastKnownFileType = sourcecode.swift; path = SceneDelegate.swift; sourceTree = "<group>"; };
		EC6DB7982597739800898ADF /* ViewController.swift */ = {isa = PBXFileReference; lastKnownFileType = sourcecode.swift; path = ViewController.swift; sourceTree = "<group>"; };
		EC6DB79B2597739800898ADF /* Base */ = {isa = PBXFileReference; lastKnownFileType = file.storyboard; name = Base; path = Base.lproj/Main.storyboard; sourceTree = "<group>"; };
		EC6DB79D2597739900898ADF /* Assets.xcassets */ = {isa = PBXFileReference; lastKnownFileType = folder.assetcatalog; path = Assets.xcassets; sourceTree = "<group>"; };
		EC6DB7A02597739900898ADF /* Base */ = {isa = PBXFileReference; lastKnownFileType = file.storyboard; name = Base; path = Base.lproj/LaunchScreen.storyboard; sourceTree = "<group>"; };
		EC6DB7A22597739900898ADF /* Info.plist */ = {isa = PBXFileReference; lastKnownFileType = text.plist.xml; path = Info.plist; sourceTree = "<group>"; };
		EC6DB7AD2597846C00898ADF /* DemoCITests.xctest */ = {isa = PBXFileReference; explicitFileType = wrapper.cfbundle; includeInIndex = 0; path = DemoCITests.xctest; sourceTree = BUILT_PRODUCTS_DIR; };
		EC6DB7AF2597846C00898ADF /* DemoCITests.swift */ = {isa = PBXFileReference; lastKnownFileType = sourcecode.swift; path = DemoCITests.swift; sourceTree = "<group>"; };
		EC6DB7B12597846C00898ADF /* Info.plist */ = {isa = PBXFileReference; lastKnownFileType = text.plist.xml; path = Info.plist; sourceTree = "<group>"; };
		EC6DB7BD2597847F00898ADF /* DemoCIUITests.xctest */ = {isa = PBXFileReference; explicitFileType = wrapper.cfbundle; includeInIndex = 0; path = DemoCIUITests.xctest; sourceTree = BUILT_PRODUCTS_DIR; };
		EC6DB7BF2597847F00898ADF /* DemoCIUITests.swift */ = {isa = PBXFileReference; lastKnownFileType = sourcecode.swift; path = DemoCIUITests.swift; sourceTree = "<group>"; };
		EC6DB7C12597847F00898ADF /* Info.plist */ = {isa = PBXFileReference; lastKnownFileType = text.plist.xml; path = Info.plist; sourceTree = "<group>"; };
/* End PBXFileReference section */

/* Begin PBXFrameworksBuildPhase section */
		EC6DB78E2597739800898ADF /* Frameworks */ = {
			isa = PBXFrameworksBuildPhase;
			buildActionMask = 2147483647;
			files = (
			);
			runOnlyForDeploymentPostprocessing = 0;
		};
		EC6DB7AA2597846C00898ADF /* Frameworks */ = {
			isa = PBXFrameworksBuildPhase;
			buildActionMask = 2147483647;
			files = (
			);
			runOnlyForDeploymentPostprocessing = 0;
		};
		EC6DB7BA2597847F00898ADF /* Frameworks */ = {
			isa = PBXFrameworksBuildPhase;
			buildActionMask = 2147483647;
			files = (
			);
			runOnlyForDeploymentPostprocessing = 0;
		};
/* End PBXFrameworksBuildPhase section */

/* Begin PBXGroup section */
		EC6DB7882597739800898ADF = {
			isa = PBXGroup;
			children = (
				EC6DB7932597739800898ADF /* DemoCI */,
				EC6DB7AE2597846C00898ADF /* DemoCITests */,
				EC6DB7BE2597847F00898ADF /* DemoCIUITests */,
				EC6DB7922597739800898ADF /* Products */,
			);
			sourceTree = "<group>";
		};
		EC6DB7922597739800898ADF /* Products */ = {
			isa = PBXGroup;
			children = (
				EC6DB7912597739800898ADF /* DemoCI.app */,
				EC6DB7AD2597846C00898ADF /* DemoCITests.xctest */,
				EC6DB7BD2597847F00898ADF /* DemoCIUITests.xctest */,
			);
			name = Products;
			sourceTree = "<group>";
		};
		EC6DB7932597739800898ADF /* DemoCI */ = {
			isa = PBXGroup;
			children = (
				EC6DB7942597739800898ADF /* AppDelegate.swift */,
				EC6DB7962597739800898ADF /* SceneDelegate.swift */,
				EC6DB7982597739800898ADF /* ViewController.swift */,
				EC6DB79A2597739800898ADF /* Main.storyboard */,
				EC6DB79D2597739900898ADF /* Assets.xcassets */,
				EC6DB79F2597739900898ADF /* LaunchScreen.storyboard */,
				EC6DB7A22597739900898ADF /* Info.plist */,
			);
			path = DemoCI;
			sourceTree = "<group>";
		};
		EC6DB7AE2597846C00898ADF /* DemoCITests */ = {
			isa = PBXGroup;
			children = (
				EC6DB7AF2597846C00898ADF /* DemoCITests.swift */,
				EC6DB7B12597846C00898ADF /* Info.plist */,
			);
			path = DemoCITests;
			sourceTree = "<group>";
		};
		EC6DB7BE2597847F00898ADF /* DemoCIUITests */ = {
			isa = PBXGroup;
			children = (
				EC6DB7BF2597847F00898ADF /* DemoCIUITests.swift */,
				EC6DB7C12597847F00898ADF /* Info.plist */,
			);
			path = DemoCIUITests;
			sourceTree = "<group>";
		};
/* End PBXGroup section */

/* Begin PBXNativeTarget section */
		EC6DB7902597739800898ADF /* DemoCI */ = {
			isa = PBXNativeTarget;
			buildConfigurationList = EC6DB7A52597739900898ADF /* Build configuration list for PBXNativeTarget "DemoCI" */;
			buildPhases = (
				EC6DB78D2597739800898ADF /* Sources */,
				EC6DB78E2597739800898ADF /* Frameworks */,
				EC6DB78F2597739800898ADF /* Resources */,
			);
			buildRules = (
			);
			dependencies = (
			);
			name = DemoCI;
			productName = DemoCI;
			productReference = EC6DB7912597739800898ADF /* DemoCI.app */;
			productType = "com.apple.product-type.application";
		};
		EC6DB7AC2597846C00898ADF /* DemoCITests */ = {
			isa = PBXNativeTarget;
			buildConfigurationList = EC6DB7B42597846C00898ADF /* Build configuration list for PBXNativeTarget "DemoCITests" */;
			buildPhases = (
				EC6DB7A92597846C00898ADF /* Sources */,
				EC6DB7AA2597846C00898ADF /* Frameworks */,
				EC6DB7AB2597846C00898ADF /* Resources */,
			);
			buildRules = (
			);
			dependencies = (
				EC6DB7B32597846C00898ADF /* PBXTargetDependency */,
			);
			name = DemoCITests;
			productName = DemoCITests;
			productReference = EC6DB7AD2597846C00898ADF /* DemoCITests.xctest */;
			productType = "com.apple.product-type.bundle.unit-test";
		};
		EC6DB7BC2597847F00898ADF /* DemoCIUITests */ = {
			isa = PBXNativeTarget;
			buildConfigurationList = EC6DB7C42597847F00898ADF /* Build configuration list for PBXNativeTarget "DemoCIUITests" */;
			buildPhases = (
				EC6DB7B92597847F00898ADF /* Sources */,
				EC6DB7BA2597847F00898ADF /* Frameworks */,
				EC6DB7BB2597847F00898ADF /* Resources */,
			);
			buildRules = (
			);
			dependencies = (
				EC6DB7C32597847F00898ADF /* PBXTargetDependency */,
			);
			name = DemoCIUITests;
			productName = DemoCIUITests;
			productReference = EC6DB7BD2597847F00898ADF /* DemoCIUITests.xctest */;
			productType = "com.apple.product-type.bundle.ui-testing";
		};
/* End PBXNativeTarget section */

/* Begin PBXProject section */
		EC6DB7892597739800898ADF /* Project object */ = {
			isa = PBXProject;
			attributes = {
				LastSwiftUpdateCheck = 1230;
				LastUpgradeCheck = 1230;
				TargetAttributes = {
					EC6DB7902597739800898ADF = {
						CreatedOnToolsVersion = 12.3;
					};
					EC6DB7AC2597846C00898ADF = {
						CreatedOnToolsVersion = 12.3;
						TestTargetID = EC6DB7902597739800898ADF;
					};
					EC6DB7BC2597847F00898ADF = {
						CreatedOnToolsVersion = 12.3;
						TestTargetID = EC6DB7902597739800898ADF;
					};
				};
			};
			buildConfigurationList = EC6DB78C2597739800898ADF /* Build configuration list for PBXProject "DemoCI" */;
			compatibilityVersion = "Xcode 9.3";
			developmentRegion = en;
			hasScannedForEncodings = 0;
			knownRegions = (
				en,
				Base,
			);
			mainGroup = EC6DB7882597739800898ADF;
			productRefGroup = EC6DB7922597739800898ADF /* Products */;
			projectDirPath = "";
			projectRoot = "";
			targets = (
				EC6DB7902597739800898ADF /* DemoCI */,
				EC6DB7AC2597846C00898ADF /* DemoCITests */,
				EC6DB7BC2597847F00898ADF /* DemoCIUITests */,
			);
		};
/* End PBXProject section */

/* Begin PBXResourcesBuildPhase section */
		EC6DB78F2597739800898ADF /* Resources */ = {
			isa = PBXResourcesBuildPhase;
			buildActionMask = 2147483647;
			files = (
				EC6DB7A12597739900898ADF /* LaunchScreen.storyboard in Resources */,
				EC6DB79E2597739900898ADF /* Assets.xcassets in Resources */,
				EC6DB79C2597739800898ADF /* Main.storyboard in Resources */,
			);
			runOnlyForDeploymentPostprocessing = 0;
		};
		EC6DB7AB2597846C00898ADF /* Resources */ = {
			isa = PBXResourcesBuildPhase;
			buildActionMask = 2147483647;
			files = (
			);
			runOnlyForDeploymentPostprocessing = 0;
		};
		EC6DB7BB2597847F00898ADF /* Resources */ = {
			isa = PBXResourcesBuildPhase;
			buildActionMask = 2147483647;
			files = (
			);
			runOnlyForDeploymentPostprocessing = 0;
		};
/* End PBXResourcesBuildPhase section */

/* Begin PBXSourcesBuildPhase section */
		EC6DB78D2597739800898ADF /* Sources */ = {
			isa = PBXSourcesBuildPhase;
			buildActionMask = 2147483647;
			files = (
				EC6DB7992597739800898ADF /* ViewController.swift in Sources */,
				EC6DB7952597739800898ADF /* AppDelegate.swift in Sources */,
				EC6DB7972597739800898ADF /* SceneDelegate.swift in Sources */,
			);
			runOnlyForDeploymentPostprocessing = 0;
		};
		EC6DB7A92597846C00898ADF /* Sources */ = {
			isa = PBXSourcesBuildPhase;
			buildActionMask = 2147483647;
			files = (
				EC6DB7B02597846C00898ADF /* DemoCITests.swift in Sources */,
			);
			runOnlyForDeploymentPostprocessing = 0;
		};
		EC6DB7B92597847F00898ADF /* Sources */ = {
			isa = PBXSourcesBuildPhase;
			buildActionMask = 2147483647;
			files = (
				EC6DB7C02597847F00898ADF /* DemoCIUITests.swift in Sources */,
			);
			runOnlyForDeploymentPostprocessing = 0;
		};
/* End PBXSourcesBuildPhase section */

/* Begin PBXTargetDependency section */
		EC6DB7B32597846C00898ADF /* PBXTargetDependency */ = {
			isa = PBXTargetDependency;
			target = EC6DB7902597739800898ADF /* DemoCI */;
			targetProxy = EC6DB7B22597846C00898ADF /* PBXContainerItemProxy */;
		};
		EC6DB7C32597847F00898ADF /* PBXTargetDependency */ = {
			isa = PBXTargetDependency;
			target = EC6DB7902597739800898ADF /* DemoCI */;
			targetProxy = EC6DB7C22597847F00898ADF /* PBXContainerItemProxy */;
		};
/* End PBXTargetDependency section */

/* Begin PBXVariantGroup section */
		EC6DB79A2597739800898ADF /* Main.storyboard */ = {
			isa = PBXVariantGroup;
			children = (
				EC6DB79B2597739800898ADF /* Base */,
			);
			name = Main.storyboard;
			sourceTree = "<group>";
		};
		EC6DB79F2597739900898ADF /* LaunchScreen.storyboard */ = {
			isa = PBXVariantGroup;
			children = (
				EC6DB7A02597739900898ADF /* Base */,
			);
			name = LaunchScreen.storyboard;
			sourceTree = "<group>";
		};
/* End PBXVariantGroup section */

/* Begin XCBuildConfiguration section */
		EC6DB7A32597739900898ADF /* Debug */ = {
			isa = XCBuildConfiguration;
			buildSettings = {
				ALWAYS_SEARCH_USER_PATHS = NO;
				CLANG_ANALYZER_NONNULL = YES;
				CLANG_ANALYZER_NUMBER_OBJECT_CONVERSION = YES_AGGRESSIVE;
				CLANG_CXX_LANGUAGE_STANDARD = "gnu++14";
				CLANG_CXX_LIBRARY = "libc++";
				CLANG_ENABLE_MODULES = YES;
				CLANG_ENABLE_OBJC_ARC = YES;
				CLANG_ENABLE_OBJC_WEAK = YES;
				CLANG_WARN_BLOCK_CAPTURE_AUTORELEASING = YES;
				CLANG_WARN_BOOL_CONVERSION = YES;
				CLANG_WARN_COMMA = YES;
				CLANG_WARN_CONSTANT_CONVERSION = YES;
				CLANG_WARN_DEPRECATED_OBJC_IMPLEMENTATIONS = YES;
				CLANG_WARN_DIRECT_OBJC_ISA_USAGE = YES_ERROR;
				CLANG_WARN_DOCUMENTATION_COMMENTS = YES;
				CLANG_WARN_EMPTY_BODY = YES;
				CLANG_WARN_ENUM_CONVERSION = YES;
				CLANG_WARN_INFINITE_RECURSION = YES;
				CLANG_WARN_INT_CONVERSION = YES;
				CLANG_WARN_NON_LITERAL_NULL_CONVERSION = YES;
				CLANG_WARN_OBJC_IMPLICIT_RETAIN_SELF = YES;
				CLANG_WARN_OBJC_LITERAL_CONVERSION = YES;
				CLANG_WARN_OBJC_ROOT_CLASS = YES_ERROR;
				CLANG_WARN_QUOTED_INCLUDE_IN_FRAMEWORK_HEADER = YES;
				CLANG_WARN_RANGE_LOOP_ANALYSIS = YES;
				CLANG_WARN_STRICT_PROTOTYPES = YES;
				CLANG_WARN_SUSPICIOUS_MOVE = YES;
				CLANG_WARN_UNGUARDED_AVAILABILITY = YES_AGGRESSIVE;
				CLANG_WARN_UNREACHABLE_CODE = YES;
				CLANG_WARN__DUPLICATE_METHOD_MATCH = YES;
				COPY_PHASE_STRIP = NO;
				DEBUG_INFORMATION_FORMAT = dwarf;
				ENABLE_STRICT_OBJC_MSGSEND = YES;
				ENABLE_TESTABILITY = YES;
				GCC_C_LANGUAGE_STANDARD = gnu11;
				GCC_DYNAMIC_NO_PIC = NO;
				GCC_NO_COMMON_BLOCKS = YES;
				GCC_OPTIMIZATION_LEVEL = 0;
				GCC_PREPROCESSOR_DEFINITIONS = (
					"DEBUG=1",
					"$(inherited)",
				);
				GCC_WARN_64_TO_32_BIT_CONVERSION = YES;
				GCC_WARN_ABOUT_RETURN_TYPE = YES_ERROR;
				GCC_WARN_UNDECLARED_SELECTOR = YES;
				GCC_WARN_UNINITIALIZED_AUTOS = YES_AGGRESSIVE;
				GCC_WARN_UNUSED_FUNCTION = YES;
				GCC_WARN_UNUSED_VARIABLE = YES;
				IPHONEOS_DEPLOYMENT_TARGET = 14.0;
				MTL_ENABLE_DEBUG_INFO = INCLUDE_SOURCE;
				MTL_FAST_MATH = YES;
				ONLY_ACTIVE_ARCH = YES;
				SDKROOT = iphoneos;
				SWIFT_ACTIVE_COMPILATION_CONDITIONS = DEBUG;
				SWIFT_OPTIMIZATION_LEVEL = "-Onone";
			};
			name = Debug;
		};
		EC6DB7A42597739900898ADF /* Release */ = {
			isa = XCBuildConfiguration;
			buildSettings = {
				ALWAYS_SEARCH_USER_PATHS = NO;
				CLANG_ANALYZER_NONNULL = YES;
				CLANG_ANALYZER_NUMBER_OBJECT_CONVERSION = YES_AGGRESSIVE;
				CLANG_CXX_LANGUAGE_STANDARD = "gnu++14";
				CLANG_CXX_LIBRARY = "libc++";
				CLANG_ENABLE_MODULES = YES;
				CLANG_ENABLE_OBJC_ARC = YES;
				CLANG_ENABLE_OBJC_WEAK = YES;
				CLANG_WARN_BLOCK_CAPTURE_AUTORELEASING = YES;
				CLANG_WARN_BOOL_CONVERSION = YES;
				CLANG_WARN_COMMA = YES;
				CLANG_WARN_CONSTANT_CONVERSION = YES;
				CLANG_WARN_DEPRECATED_OBJC_IMPLEMENTATIONS = YES;
				CLANG_WARN_DIRECT_OBJC_ISA_USAGE = YES_ERROR;
				CLANG_WARN_DOCUMENTATION_COMMENTS = YES;
				CLANG_WARN_EMPTY_BODY = YES;
				CLANG_WARN_ENUM_CONVERSION = YES;
				CLANG_WARN_INFINITE_RECURSION = YES;
				CLANG_WARN_INT_CONVERSION = YES;
				CLANG_WARN_NON_LITERAL_NULL_CONVERSION = YES;
				CLANG_WARN_OBJC_IMPLICIT_RETAIN_SELF = YES;
				CLANG_WARN_OBJC_LITERAL_CONVERSION = YES;
				CLANG_WARN_OBJC_ROOT_CLASS = YES_ERROR;
				CLANG_WARN_QUOTED_INCLUDE_IN_FRAMEWORK_HEADER = YES;
				CLANG_WARN_RANGE_LOOP_ANALYSIS = YES;
				CLANG_WARN_STRICT_PROTOTYPES = YES;
				CLANG_WARN_SUSPICIOUS_MOVE = YES;
				CLANG_WARN_UNGUARDED_AVAILABILITY = YES_AGGRESSIVE;
				CLANG_WARN_UNREACHABLE_CODE = YES;
				CLANG_WARN__DUPLICATE_METHOD_MATCH = YES;
				COPY_PHASE_STRIP = NO;
				DEBUG_INFORMATION_FORMAT = "dwarf-with-dsym";
				ENABLE_NS_ASSERTIONS = NO;
				ENABLE_STRICT_OBJC_MSGSEND = YES;
				GCC_C_LANGUAGE_STANDARD = gnu11;
				GCC_NO_COMMON_BLOCKS = YES;
				GCC_WARN_64_TO_32_BIT_CONVERSION = YES;
				GCC_WARN_ABOUT_RETURN_TYPE = YES_ERROR;
				GCC_WARN_UNDECLARED_SELECTOR = YES;
				GCC_WARN_UNINITIALIZED_AUTOS = YES_AGGRESSIVE;
				GCC_WARN_UNUSED_FUNCTION = YES;
				GCC_WARN_UNUSED_VARIABLE = YES;
				IPHONEOS_DEPLOYMENT_TARGET = 14.0;
				MTL_ENABLE_DEBUG_INFO = NO;
				MTL_FAST_MATH = YES;
				SDKROOT = iphoneos;
				SWIFT_COMPILATION_MODE = wholemodule;
				SWIFT_OPTIMIZATION_LEVEL = "-O";
				VALIDATE_PRODUCT = YES;
			};
			name = Release;
		};
		EC6DB7A62597739900898ADF /* Debug */ = {
			isa = XCBuildConfiguration;
			buildSettings = {
				ASSETCATALOG_COMPILER_APPICON_NAME = AppIcon;
				ASSETCATALOG_COMPILER_GLOBAL_ACCENT_COLOR_NAME = AccentColor;
				CODE_SIGN_STYLE = Automatic;
				DEVELOPMENT_TEAM = 9UH4R5623G;
				INFOPLIST_FILE = DemoCI/Info.plist;
				LD_RUNPATH_SEARCH_PATHS = (
					"$(inherited)",
					"@executable_path/Frameworks",
				);
				PRODUCT_BUNDLE_IDENTIFIER = com.adnshg.DemoCI;
				PRODUCT_NAME = "$(TARGET_NAME)";
				SWIFT_VERSION = 5.0;
				TARGETED_DEVICE_FAMILY = "1,2";
			};
			name = Debug;
		};
		EC6DB7A72597739900898ADF /* Release */ = {
			isa = XCBuildConfiguration;
			buildSettings = {
				ASSETCATALOG_COMPILER_APPICON_NAME = AppIcon;
				ASSETCATALOG_COMPILER_GLOBAL_ACCENT_COLOR_NAME = AccentColor;
				CODE_SIGN_STYLE = Automatic;
				DEVELOPMENT_TEAM = 9UH4R5623G;
				INFOPLIST_FILE = DemoCI/Info.plist;
				LD_RUNPATH_SEARCH_PATHS = (
					"$(inherited)",
					"@executable_path/Frameworks",
				);
				PRODUCT_BUNDLE_IDENTIFIER = com.adnshg.DemoCI;
				PRODUCT_NAME = "$(TARGET_NAME)";
				SWIFT_VERSION = 5.0;
				TARGETED_DEVICE_FAMILY = "1,2";
			};
			name = Release;
		};
		EC6DB7B52597846C00898ADF /* Debug */ = {
			isa = XCBuildConfiguration;
			buildSettings = {
				BUNDLE_LOADER = "$(TEST_HOST)";
				CODE_SIGN_STYLE = Automatic;
				DEVELOPMENT_TEAM = 9UH4R5623G;
				INFOPLIST_FILE = DemoCITests/Info.plist;
				IPHONEOS_DEPLOYMENT_TARGET = 14.3;
				LD_RUNPATH_SEARCH_PATHS = (
					"$(inherited)",
					"@executable_path/Frameworks",
					"@loader_path/Frameworks",
				);
				PRODUCT_BUNDLE_IDENTIFIER = com.adnshg.DemoCITests;
				PRODUCT_NAME = "$(TARGET_NAME)";
				SWIFT_VERSION = 5.0;
				TARGETED_DEVICE_FAMILY = "1,2";
				TEST_HOST = "$(BUILT_PRODUCTS_DIR)/DemoCI.app/DemoCI";
			};
			name = Debug;
		};
		EC6DB7B62597846C00898ADF /* Release */ = {
			isa = XCBuildConfiguration;
			buildSettings = {
				BUNDLE_LOADER = "$(TEST_HOST)";
				CODE_SIGN_STYLE = Automatic;
				DEVELOPMENT_TEAM = 9UH4R5623G;
				INFOPLIST_FILE = DemoCITests/Info.plist;
				IPHONEOS_DEPLOYMENT_TARGET = 14.3;
				LD_RUNPATH_SEARCH_PATHS = (
					"$(inherited)",
					"@executable_path/Frameworks",
					"@loader_path/Frameworks",
				);
				PRODUCT_BUNDLE_IDENTIFIER = com.adnshg.DemoCITests;
				PRODUCT_NAME = "$(TARGET_NAME)";
				SWIFT_VERSION = 5.0;
				TARGETED_DEVICE_FAMILY = "1,2";
				TEST_HOST = "$(BUILT_PRODUCTS_DIR)/DemoCI.app/DemoCI";
			};
			name = Release;
		};
		EC6DB7C52597847F00898ADF /* Debug */ = {
			isa = XCBuildConfiguration;
			buildSettings = {
				CODE_SIGN_STYLE = Automatic;
				DEVELOPMENT_TEAM = 9UH4R5623G;
				INFOPLIST_FILE = DemoCIUITests/Info.plist;
				IPHONEOS_DEPLOYMENT_TARGET = 14.3;
				LD_RUNPATH_SEARCH_PATHS = (
					"$(inherited)",
					"@executable_path/Frameworks",
					"@loader_path/Frameworks",
				);
				PRODUCT_BUNDLE_IDENTIFIER = com.adnshg.DemoCIUITests;
				PRODUCT_NAME = "$(TARGET_NAME)";
				SWIFT_VERSION = 5.0;
				TARGETED_DEVICE_FAMILY = "1,2";
				TEST_TARGET_NAME = DemoCI;
			};
			name = Debug;
		};
		EC6DB7C62597847F00898ADF /* Release */ = {
			isa = XCBuildConfiguration;
			buildSettings = {
				CODE_SIGN_STYLE = Automatic;
				DEVELOPMENT_TEAM = 9UH4R5623G;
				INFOPLIST_FILE = DemoCIUITests/Info.plist;
				IPHONEOS_DEPLOYMENT_TARGET = 14.3;
				LD_RUNPATH_SEARCH_PATHS = (
					"$(inherited)",
					"@executable_path/Frameworks",
					"@loader_path/Frameworks",
				);
				PRODUCT_BUNDLE_IDENTIFIER = com.adnshg.DemoCIUITests;
				PRODUCT_NAME = "$(TARGET_NAME)";
				SWIFT_VERSION = 5.0;
				TARGETED_DEVICE_FAMILY = "1,2";
				TEST_TARGET_NAME = DemoCI;
			};
			name = Release;
		};
/* End XCBuildConfiguration section */

/* Begin XCConfigurationList section */
		EC6DB78C2597739800898ADF /* Build configuration list for PBXProject "DemoCI" */ = {
			isa = XCConfigurationList;
			buildConfigurations = (
				EC6DB7A32597739900898ADF /* Debug */,
				EC6DB7A42597739900898ADF /* Release */,
			);
			defaultConfigurationIsVisible = 0;
			defaultConfigurationName = Release;
		};
		EC6DB7A52597739900898ADF /* Build configuration list for PBXNativeTarget "DemoCI" */ = {
			isa = XCConfigurationList;
			buildConfigurations = (
				EC6DB7A62597739900898ADF /* Debug */,
				EC6DB7A72597739900898ADF /* Release */,
			);
			defaultConfigurationIsVisible = 0;
			defaultConfigurationName = Release;
		};
		EC6DB7B42597846C00898ADF /* Build configuration list for PBXNativeTarget "DemoCITests" */ = {
			isa = XCConfigurationList;
			buildConfigurations = (
				EC6DB7B52597846C00898ADF /* Debug */,
				EC6DB7B62597846C00898ADF /* Release */,
			);
			defaultConfigurationIsVisible = 0;
			defaultConfigurationName = Release;
		};
		EC6DB7C42597847F00898ADF /* Build configuration list for PBXNativeTarget "DemoCIUITests" */ = {
			isa = XCConfigurationList;
			buildConfigurations = (
				EC6DB7C52597847F00898ADF /* Debug */,
				EC6DB7C62597847F00898ADF /* Release */,
			);
			defaultConfigurationIsVisible = 0;
			defaultConfigurationName = Release;
		};
/* End XCConfigurationList section */
	};
	rootObject = EC6DB7892597739800898ADF /* Project object */;
}
